{
    "_readme": [
        "This file locks the dependencies of your project to a known state",
        "Read more about it at https://getcomposer.org/doc/01-basic-usage.md#composer-lock-the-lock-file",
        "This file is @generated automatically"
    ],
    "content-hash": "ecea796f6b0b90990c0c277b038e114e",
    "packages": [
        {
            "name": "sagem-cassiopee/php-metar-decoder",
            "version": "dev-master",
            "source": {
                "type": "git",
                "url": "https://github.com/SafranCassiopee/php-metar-decoder.git",
                "reference": "0de2b1b0a9bce7b73bff719348baf3b0a961dc7f"
            },
            "dist": {
                "type": "zip",
                "url": "https://api.github.com/repos/SafranCassiopee/php-metar-decoder/zipball/0de2b1b0a9bce7b73bff719348baf3b0a961dc7f",
                "reference": "0de2b1b0a9bce7b73bff719348baf3b0a961dc7f",
                "shasum": ""
            },
            "require": {
                "php": ">=5.3.0"
            },
            "require-dev": {
                "phpunit/phpunit": "4.3.*"
            },
            "type": "library",
            "autoload": {
                "psr-4": {
                    "MetarDecoder\\": "src/"
                }
            },
            "notification-url": "https://packagist.org/downloads/",
            "license": [
                "GPL-3.0+"
            ],
            "authors": [
                {
                    "name": "Edouard de Labareyre",
                    "email": "edouard@melix.net",
                    "role": "Developer"
                }
            ],
            "description": "METAR weather observation decoder",
            "time": "2020-02-11T13:31:33+00:00"
        }
    ],
    "packages-dev": [],
    "aliases": [],
    "minimum-stability": "stable",
    "stability-flags": {
        "sagem-cassiopee/php-metar-decoder": 20
    },
    "prefer-stable": false,
    "prefer-lowest": false,
    "platform": [],
    "platform-dev": []
}
